
Microsoft Visual Studio Solution File, Format Version 12.00
# Visual Studio Version 17
VisualStudioVersion = 17.0.31903.59
MinimumVisualStudioVersion = 10.0.40219.1
Project("{2150E333-8FDC-42A3-9474-1A3956D46DE8}") = "src", "src", "{827E0CD3-B72D-47B6-A68D-7590B98EB39B}"
EndProject
Project("{FAE04EC0-301F-11D3-BF4B-00C04F79EFBC}") = "GenEngine.SharedKernel", "src\GenEngine.SharedKernel\GenEngine.SharedKernel.csproj", "{41282F69-60BE-49A9-A13F-8074C39A91AA}"
EndProject
Project("{2150E333-8FDC-42A3-9474-1A3956D46DE8}") = "Modules", "Modules", "{EC447DCF-ABFA-6E24-52A5-D7FD48A5C558}"
EndProject
Project("{FAE04EC0-301F-11D3-BF4B-00C04F79EFBC}") = "GenEngine.Narrative", "src\Modules\GenEngine.Narrative\GenEngine.Narrative.csproj", "{83E8A8C6-0656-4CAD-AEBA-4E5024C355E8}"
EndProject
Project("{FAE04EC0-301F-11D3-BF4B-00C04F79EFBC}") = "GenEngine.Authoring", "src\Modules\GenEngine.Authoring\GenEngine.Authoring.csproj", "{FB9C150B-0469-430E-B13C-F742882F8740}"
EndProject
Project("{FAE04EC0-301F-11D3-BF4B-00C04F79EFBC}") = "GenEngine.Play", "src\Modules\GenEngine.Play\GenEngine.Play.csproj", "{DD720CFC-E4CB-48D9-8BC5-F2969C2A79D7}"
EndProject
Project("{FAE04EC0-301F-11D3-BF4B-00C04F79EFBC}") = "GenEngine.Identity", "src\Modules\GenEngine.Identity\GenEngine.Identity.csproj", "{59D7F76C-BAB4-4066-9C68-7F93E21604B8}"
EndProject
Project("{FAE04EC0-301F-11D3-BF4B-00C04F79EFBC}") = "GenEngine.Infrastructure", "src\GenEngine.Infrastructure\GenEngine.Infrastructure.csproj", "{9455A0A8-3ACF-471A-AD42-64DC323655E8}"
EndProject
Project("{FAE04EC0-301F-11D3-BF4B-00C04F79EFBC}") = "GenEngine.Api", "src\GenEngine.Api\GenEngine.Api.csproj", "{345BC723-80E5-4F2F-A79F-CCAFA7EAA34B}"
EndProject
Project("{2150E333-8FDC-42A3-9474-1A3956D46DE8}") = "tests", "tests", "{0AB3BF05-4346-4AA6-1389-037BE0695223}"
EndProject
Project("{FAE04EC0-301F-11D3-BF4B-00C04F79EFBC}") = "GenEngine.Narrative.Tests", "tests\GenEngine.Narrative.Tests\GenEngine.Narrative.Tests.csproj", "{0230E1C0-DF06-49CA-8434-0636DC66657D}"
EndProject
Project("{FAE04EC0-301F-11D3-BF4B-00C04F79EFBC}") = "GenEngine.Modules.Tests", "tests\GenEngine.Modules.Tests\GenEngine.Modules.Tests.csproj", "{E5C56F9E-99B4-439D-8982-65D7F5F200A6}"
EndProject
Project("{FAE04EC0-301F-11D3-BF4B-00C04F79EFBC}") = "GenEngine.Architecture.Tests", "tests\GenEngine.Architecture.Tests\GenEngine.Architecture.Tests.csproj", "{F0EADAB6-9512-47F8-85DE-32FBFADBAEAD}"
EndProject
Project("{FAE04EC0-301F-11D3-BF4B-00C04F79EFBC}") = "GenEngine.Api.IntegrationTests", "tests\GenEngine.Api.IntegrationTests\GenEngine.Api.IntegrationTests.csproj", "{7EA34568-0C35-45D8-8541-A609E07AFA9F}"
EndProject
Global
	GlobalSection(SolutionConfigurationPlatforms) = preSolution
		Debug|Any CPU = Debug|Any CPU
		Debug|x64 = Debug|x64
		Debug|x86 = Debug|x86
		Release|Any CPU = Release|Any CPU
		Release|x64 = Release|x64
		Release|x86 = Release|x86
	EndGlobalSection
	GlobalSection(ProjectConfigurationPlatforms) = postSolution
		{41282F69-60BE-49A9-A13F-8074C39A91AA}.Debug|Any CPU.ActiveCfg = Debug|Any CPU
		{41282F69-60BE-49A9-A13F-8074C39A91AA}.Debug|Any CPU.Build.0 = Debug|Any CPU
		{41282F69-60BE-49A9-A13F-8074C39A91AA}.Debug|x64.ActiveCfg = Debug|Any CPU
		{41282F69-60BE-49A9-A13F-8074C39A91AA}.Debug|x64.Build.0 = Debug|Any CPU
		{41282F69-60BE-49A9-A13F-8074C39A91AA}.Debug|x86.ActiveCfg = Debug|Any CPU
		{41282F69-60BE-49A9-A13F-8074C39A91AA}.Debug|x86.Build.0 = Debug|Any CPU
		{41282F69-60BE-49A9-A13F-8074C39A91AA}.Release|Any CPU.ActiveCfg = Release|Any CPU
		{41282F69-60BE-49A9-A13F-8074C39A91AA}.Release|Any CPU.Build.0 = Release|Any CPU
		{41282F69-60BE-49A9-A13F-8074C39A91AA}.Release|x64.ActiveCfg = Release|Any CPU
		{41282F69-60BE-49A9-A13F-8074C39A91AA}.Release|x64.Build.0 = Release|Any CPU
		{41282F69-60BE-49A9-A13F-8074C39A91AA}.Release|x86.ActiveCfg = Release|Any CPU
		{41282F69-60BE-49A9-A13F-8074C39A91AA}.Release|x86.Build.0 = Release|Any CPU
		{83E8A8C6-0656-4CAD-AEBA-4E5024C355E8}.Debug|Any CPU.ActiveCfg = Debug|Any CPU
		{83E8A8C6-0656-4CAD-AEBA-4E5024C355E8}.Debug|Any CPU.Build.0 = Debug|Any CPU
		{83E8A8C6-0656-4CAD-AEBA-4E5024C355E8}.Debug|x64.ActiveCfg = Debug|Any CPU
		{83E8A8C6-0656-4CAD-AEBA-4E5024C355E8}.Debug|x64.Build.0 = Debug|Any CPU
		{83E8A8C6-0656-4CAD-AEBA-4E5024C355E8}.Debug|x86.ActiveCfg = Debug|Any CPU
		{83E8A8C6-0656-4CAD-AEBA-4E5024C355E8}.Debug|x86.Build.0 = Debug|Any CPU
		{83E8A8C6-0656-4CAD-AEBA-4E5024C355E8}.Release|Any CPU.ActiveCfg = Release|Any CPU
		{83E8A8C6-0656-4CAD-AEBA-4E5024C355E8}.Release|Any CPU.Build.0 = Release|Any CPU
		{83E8A8C6-0656-4CAD-AEBA-4E5024C355E8}.Release|x64.ActiveCfg = Release|Any CPU
		{83E8A8C6-0656-4CAD-AEBA-4E5024C355E8}.Release|x64.Build.0 = Release|Any CPU
		{83E8A8C6-0656-4CAD-AEBA-4E5024C355E8}.Release|x86.ActiveCfg = Release|Any CPU
		{83E8A8C6-0656-4CAD-AEBA-4E5024C355E8}.Release|x86.Build.0 = Release|Any CPU
		{FB9C150B-0469-430E-B13C-F742882F8740}.Debug|Any CPU.ActiveCfg = Debug|Any CPU
		{FB9C150B-0469-430E-B13C-F742882F8740}.Debug|Any CPU.Build.0 = Debug|Any CPU
		{FB9C150B-0469-430E-B13C-F742882F8740}.Debug|x64.ActiveCfg = Debug|Any CPU
		{FB9C150B-0469-430E-B13C-F742882F8740}.Debug|x64.Build.0 = Debug|Any CPU
		{FB9C150B-0469-430E-B13C-F742882F8740}.Debug|x86.ActiveCfg = Debug|Any CPU
		{FB9C150B-0469-430E-B13C-F742882F8740}.Debug|x86.Build.0 = Debug|Any CPU
		{FB9C150B-0469-430E-B13C-F742882F8740}.Release|Any CPU.ActiveCfg = Release|Any CPU
		{FB9C150B-0469-430E-B13C-F742882F8740}.Release|Any CPU.Build.0 = Release|Any CPU
		{FB9C150B-0469-430E-B13C-F742882F8740}.Release|x64.ActiveCfg = Release|Any CPU
		{FB9C150B-0469-430E-B13C-F742882F8740}.Release|x64.Build.0 = Release|Any CPU
		{FB9C150B-0469-430E-B13C-F742882F8740}.Release|x86.ActiveCfg = Release|Any CPU
		{FB9C150B-0469-430E-B13C-F742882F8740}.Release|x86.Build.0 = Release|Any CPU
		{DD720CFC-E4CB-48D9-8BC5-F2969C2A79D7}.Debug|Any CPU.ActiveCfg = Debug|Any CPU
		{DD720CFC-E4CB-48D9-8BC5-F2969C2A79D7}.Debug|Any CPU.Build.0 = Debug|Any CPU
		{DD720CFC-E4CB-48D9-8BC5-F2969C2A79D7}.Debug|x64.ActiveCfg = Debug|Any CPU
		{DD720CFC-E4CB-48D9-8BC5-F2969C2A79D7}.Debug|x64.Build.0 = Debug|Any CPU
		{DD720CFC-E4CB-48D9-8BC5-F2969C2A79D7}.Debug|x86.ActiveCfg = Debug|Any CPU
		{DD720CFC-E4CB-48D9-8BC5-F2969C2A79D7}.Debug|x86.Build.0 = Debug|Any CPU
		{DD720CFC-E4CB-48D9-8BC5-F2969C2A79D7}.Release|Any CPU.ActiveCfg = Release|Any CPU
		{DD720CFC-E4CB-48D9-8BC5-F2969C2A79D7}.Release|Any CPU.Build.0 = Release|Any CPU
		{DD720CFC-E4CB-48D9-8BC5-F2969C2A79D7}.Release|x64.ActiveCfg = Release|Any CPU
		{DD720CFC-E4CB-48D9-8BC5-F2969C2A79D7}.Release|x64.Build.0 = Release|Any CPU
		{DD720CFC-E4CB-48D9-8BC5-F2969C2A79D7}.Release|x86.ActiveCfg = Release|Any CPU
		{DD720CFC-E4CB-48D9-8BC5-F2969C2A79D7}.Release|x86.Build.0 = Release|Any CPU
		{59D7F76C-BAB4-4066-9C68-7F93E21604B8}.Debug|Any CPU.ActiveCfg = Debug|Any CPU
		{59D7F76C-BAB4-4066-9C68-7F93E21604B8}.Debug|Any CPU.Build.0 = Debug|Any CPU
		{59D7F76C-BAB4-4066-9C68-7F93E21604B8}.Debug|x64.ActiveCfg = Debug|Any CPU
		{59D7F76C-BAB4-4066-9C68-7F93E21604B8}.Debug|x64.Build.0 = Debug|Any CPU
		{59D7F76C-BAB4-4066-9C68-7F93E21604B8}.Debug|x86.ActiveCfg = Debug|Any CPU
		{59D7F76C-BAB4-4066-9C68-7F93E21604B8}.Debug|x86.Build.0 = Debug|Any CPU
		{59D7F76C-BAB4-4066-9C68-7F93E21604B8}.Release|Any CPU.ActiveCfg = Release|Any CPU
		{59D7F76C-BAB4-4066-9C68-7F93E21604B8}.Release|Any CPU.Build.0 = Release|Any CPU
		{59D7F76C-BAB4-4066-9C68-7F93E21604B8}.Release|x64.ActiveCfg = Release|Any CPU
		{59D7F76C-BAB4-4066-9C68-7F93E21604B8}.Release|x64.Build.0 = Release|Any CPU
		{59D7F76C-BAB4-4066-9C68-7F93E21604B8}.Release|x86.ActiveCfg = Release|Any CPU
		{59D7F76C-BAB4-4066-9C68-7F93E21604B8}.Release|x86.Build.0 = Release|Any CPU
		{9455A0A8-3ACF-471A-AD42-64DC323655E8}.Debug|Any CPU.ActiveCfg = Debug|Any CPU
		{9455A0A8-3ACF-471A-AD42-64DC323655E8}.Debug|Any CPU.Build.0 = Debug|Any CPU
		{9455A0A8-3ACF-471A-AD42-64DC323655E8}.Debug|x64.ActiveCfg = Debug|Any CPU
		{9455A0A8-3ACF-471A-AD42-64DC323655E8}.Debug|x64.Build.0 = Debug|Any CPU
		{9455A0A8-3ACF-471A-AD42-64DC323655E8}.Debug|x86.ActiveCfg = Debug|Any CPU
		{9455A0A8-3ACF-471A-AD42-64DC323655E8}.Debug|x86.Build.0 = Debug|Any CPU
		{9455A0A8-3ACF-471A-AD42-64DC323655E8}.Release|Any CPU.ActiveCfg = Release|Any CPU
		{9455A0A8-3ACF-471A-AD42-64DC323655E8}.Release|Any CPU.Build.0 = Release|Any CPU
		{9455A0A8-3ACF-471A-AD42-64DC323655E8}.Release|x64.ActiveCfg = Release|Any CPU
		{9455A0A8-3ACF-471A-AD42-64DC323655E8}.Release|x64.Build.0 = Release|Any CPU
		{9455A0A8-3ACF-471A-AD42-64DC323655E8}.Release|x86.ActiveCfg = Release|Any CPU
		{9455A0A8-3ACF-471A-AD42-64DC323655E8}.Release|x86.Build.0 = Release|Any CPU
		{345BC723-80E5-4F2F-A79F-CCAFA7EAA34B}.Debug|Any CPU.ActiveCfg = Debug|Any CPU
		{345BC723-80E5-4F2F-A79F-CCAFA7EAA34B}.Debug|Any CPU.Build.0 = Debug|Any CPU
		{345BC723-80E5-4F2F-A79F-CCAFA7EAA34B}.Debug|x64.ActiveCfg = Debug|Any CPU
		{345BC723-80E5-4F2F-A79F-CCAFA7EAA34B}.Debug|x64.Build.0 = Debug|Any CPU
		{345BC723-80E5-4F2F-A79F-CCAFA7EAA34B}.Debug|x86.ActiveCfg = Debug|Any CPU
		{345BC723-80E5-4F2F-A79F-CCAFA7EAA34B}.Debug|x86.Build.0 = Debug|Any CPU
		{345BC723-80E5-4F2F-A79F-CCAFA7EAA34B}.Release|Any CPU.ActiveCfg = Release|Any CPU
		{345BC723-80E5-4F2F-A79F-CCAFA7EAA34B}.Release|Any CPU.Build.0 = Release|Any CPU
		{345BC723-80E5-4F2F-A79F-CCAFA7EAA34B}.Release|x64.ActiveCfg = Release|Any CPU
		{345BC723-80E5-4F2F-A79F-CCAFA7EAA34B}.Release|x64.Build.0 = Release|Any CPU
		{345BC723-80E5-4F2F-A79F-CCAFA7EAA34B}.Release|x86.ActiveCfg = Release|Any CPU
		{345BC723-80E5-4F2F-A79F-CCAFA7EAA34B}.Release|x86.Build.0 = Release|Any CPU
		{0230E1C0-DF06-49CA-8434-0636DC66657D}.Debug|Any CPU.ActiveCfg = Debug|Any CPU
		{0230E1C0-DF06-49CA-8434-0636DC66657D}.Debug|Any CPU.Build.0 = Debug|Any CPU
		{0230E1C0-DF06-49CA-8434-0636DC66657D}.Debug|x64.ActiveCfg = Debug|Any CPU
		{0230E1C0-DF06-49CA-8434-0636DC66657D}.Debug|x64.Build.0 = Debug|Any CPU
		{0230E1C0-DF06-49CA-8434-0636DC66657D}.Debug|x86.ActiveCfg = Debug|Any CPU
		{0230E1C0-DF06-49CA-8434-0636DC66657D}.Debug|x86.Build.0 = Debug|Any CPU
		{0230E1C0-DF06-49CA-8434-0636DC66657D}.Release|Any CPU.ActiveCfg = Release|Any CPU
		{0230E1C0-DF06-49CA-8434-0636DC66657D}.Release|Any CPU.Build.0 = Release|Any CPU
		{0230E1C0-DF06-49CA-8434-0636DC66657D}.Release|x64.ActiveCfg = Release|Any CPU
		{0230E1C0-DF06-49CA-8434-0636DC66657D}.Release|x64.Build.0 = Release|Any CPU
		{0230E1C0-DF06-49CA-8434-0636DC66657D}.Release|x86.ActiveCfg = Release|Any CPU
		{0230E1C0-DF06-49CA-8434-0636DC66657D}.Release|x86.Build.0 = Release|Any CPU
		{E5C56F9E-99B4-439D-8982-65D7F5F200A6}.Debug|Any CPU.ActiveCfg = Debug|Any CPU
		{E5C56F9E-99B4-439D-8982-65D7F5F200A6}.Debug|Any CPU.Build.0 = Debug|Any CPU
		{E5C56F9E-99B4-439D-8982-65D7F5F200A6}.Debug|x64.ActiveCfg = Debug|Any CPU
		{E5C56F9E-99B4-439D-8982-65D7F5F200A6}.Debug|x64.Build.0 = Debug|Any CPU
		{E5C56F9E-99B4-439D-8982-65D7F5F200A6}.Debug|x86.ActiveCfg = Debug|Any CPU
		{E5C56F9E-99B4-439D-8982-65D7F5F200A6}.Debug|x86.Build.0 = Debug|Any CPU
		{E5C56F9E-99B4-439D-8982-65D7F5F200A6}.Release|Any CPU.ActiveCfg = Release|Any CPU
		{E5C56F9E-99B4-439D-8982-65D7F5F200A6}.Release|Any CPU.Build.0 = Release|Any CPU
		{E5C56F9E-99B4-439D-8982-65D7F5F200A6}.Release|x64.ActiveCfg = Release|Any CPU
		{E5C56F9E-99B4-439D-8982-65D7F5F200A6}.Release|x64.Build.0 = Release|Any CPU
		{E5C56F9E-99B4-439D-8982-65D7F5F200A6}.Release|x86.ActiveCfg = Release|Any CPU
		{E5C56F9E-99B4-439D-8982-65D7F5F200A6}.Release|x86.Build.0 = Release|Any CPU
		{F0EADAB6-9512-47F8-85DE-32FBFADBAEAD}.Debug|Any CPU.ActiveCfg = Debug|Any CPU
		{F0EADAB6-9512-47F8-85DE-32FBFADBAEAD}.Debug|Any CPU.Build.0 = Debug|Any CPU
		{F0EADAB6-9512-47F8-85DE-32FBFADBAEAD}.Debug|x64.ActiveCfg = Debug|Any CPU
		{F0EADAB6-9512-47F8-85DE-32FBFADBAEAD}.Debug|x64.Build.0 = Debug|Any CPU
		{F0EADAB6-9512-47F8-85DE-32FBFADBAEAD}.Debug|x86.ActiveCfg = Debug|Any CPU
		{F0EADAB6-9512-47F8-85DE-32FBFADBAEAD}.Debug|x86.Build.0 = Debug|Any CPU
		{F0EADAB6-9512-47F8-85DE-32FBFADBAEAD}.Release|Any CPU.ActiveCfg = Release|Any CPU
		{F0EADAB6-9512-47F8-85DE-32FBFADBAEAD}.Release|Any CPU.Build.0 = Release|Any CPU
		{F0EADAB6-9512-47F8-85DE-32FBFADBAEAD}.Release|x64.ActiveCfg = Release|Any CPU
		{F0EADAB6-9512-47F8-85DE-32FBFADBAEAD}.Release|x64.Build.0 = Release|Any CPU
		{F0EADAB6-9512-47F8-85DE-32FBFADBAEAD}.Release|x86.ActiveCfg = Release|Any CPU
		{F0EADAB6-9512-47F8-85DE-32FBFADBAEAD}.Release|x86.Build.0 = Release|Any CPU
		{7EA34568-0C35-45D8-8541-A609E07AFA9F}.Debug|Any CPU.ActiveCfg = Debug|Any CPU
		{7EA34568-0C35-45D8-8541-A609E07AFA9F}.Debug|Any CPU.Build.0 = Debug|Any CPU
		{7EA34568-0C35-45D8-8541-A609E07AFA9F}.Debug|x64.ActiveCfg = Debug|Any CPU
		{7EA34568-0C35-45D8-8541-A609E07AFA9F}.Debug|x64.Build.0 = Debug|Any CPU
		{7EA34568-0C35-45D8-8541-A609E07AFA9F}.Debug|x86.ActiveCfg = Debug|Any CPU
		{7EA34568-0C35-45D8-8541-A609E07AFA9F}.Debug|x86.Build.0 = Debug|Any CPU
		{7EA34568-0C35-45D8-8541-A609E07AFA9F}.Release|Any CPU.ActiveCfg = Release|Any CPU
		{7EA34568-0C35-45D8-8541-A609E07AFA9F}.Release|Any CPU.Build.0 = Release|Any CPU
		{7EA34568-0C35-45D8-8541-A609E07AFA9F}.Release|x64.ActiveCfg = Release|Any CPU
		{7EA34568-0C35-45D8-8541-A609E07AFA9F}.Release|x64.Build.0 = Release|Any CPU
		{7EA34568-0C35-45D8-8541-A609E07AFA9F}.Release|x86.ActiveCfg = Release|Any CPU
		{7EA34568-0C35-45D8-8541-A609E07AFA9F}.Release|x86.Build.0 = Release|Any CPU
	EndGlobalSection
	GlobalSection(SolutionProperties) = preSolution
		HideSolutionNode = FALSE
	EndGlobalSection
	GlobalSection(NestedProjects) = preSolution
		{41282F69-60BE-49A9-A13F-8074C39A91AA} = {827E0CD3-B72D-47B6-A68D-7590B98EB39B}
		{EC447DCF-ABFA-6E24-52A5-D7FD48A5C558} = {827E0CD3-B72D-47B6-A68D-7590B98EB39B}
		{83E8A8C6-0656-4CAD-AEBA-4E5024C355E8} = {EC447DCF-ABFA-6E24-52A5-D7FD48A5C558}
		{FB9C150B-0469-430E-B13C-F742882F8740} = {EC447DCF-ABFA-6E24-52A5-D7FD48A5C558}
		{DD720CFC-E4CB-48D9-8BC5-F2969C2A79D7} = {EC447DCF-ABFA-6E24-52A5-D7FD48A5C558}
		{59D7F76C-BAB4-4066-9C68-7F93E21604B8} = {EC447DCF-ABFA-6E24-52A5-D7FD48A5C558}
		{9455A0A8-3ACF-471A-AD42-64DC323655E8} = {827E0CD3-B72D-47B6-A68D-7590B98EB39B}
		{345BC723-80E5-4F2F-A79F-CCAFA7EAA34B} = {827E0CD3-B72D-47B6-A68D-7590B98EB39B}
		{0230E1C0-DF06-49CA-8434-0636DC66657D} = {0AB3BF05-4346-4AA6-1389-037BE0695223}
		{E5C56F9E-99B4-439D-8982-65D7F5F200A6} = {0AB3BF05-4346-4AA6-1389-037BE0695223}
		{F0EADAB6-9512-47F8-85DE-32FBFADBAEAD} = {0AB3BF05-4346-4AA6-1389-037BE0695223}
		{7EA34568-0C35-45D8-8541-A609E07AFA9F} = {0AB3BF05-4346-4AA6-1389-037BE0695223}
	EndGlobalSection
EndGlobal
