
Microsoft Visual Studio Solution File, Format Version 12.00
# Visual Studio Version 17
VisualStudioVersion = 17.0.31903.59
MinimumVisualStudioVersion = 10.0.40219.1
Project("{2150E333-8FDC-42A3-9474-1A3956D46DE8}") = "tests", "tests", "{0AB3BF05-4346-4AA6-1389-037BE0695223}"
EndProject
Project("{FAE04EC0-301F-11D3-BF4B-00C04F79EFBC}") = "GenEngine.Narrative.Tests", "tests\GenEngine.Narrative.Tests\GenEngine.Narrative.Tests.csproj", "{0230E1C0-DF06-49CA-8434-0636DC66657D}"
EndProject
Project("{FAE04EC0-301F-11D3-BF4B-00C04F79EFBC}") = "GenEngine.Architecture.Tests", "tests\GenEngine.Architecture.Tests\GenEngine.Architecture.Tests.csproj", "{F0EADAB6-9512-47F8-85DE-32FBFADBAEAD}"
EndProject
Project("{2150E333-8FDC-42A3-9474-1A3956D46DE8}") = "src", "src", "{827E0CD3-B72D-47B6-A68D-7590B98EB39B}"
EndProject
Project("{2150E333-8FDC-42A3-9474-1A3956D46DE8}") = "Engine", "Engine", "{581C1AFC-A79E-7578-3E64-521365DC72E1}"
EndProject
Project("{FAE04EC0-301F-11D3-BF4B-00C04F79EFBC}") = "GenEngine.Narrative", "src\Engine\GenEngine.Narrative\GenEngine.Narrative.csproj", "{CE0871A7-6A04-45CF-959A-D1594983C472}"
EndProject
Project("{2150E333-8FDC-42A3-9474-1A3956D46DE8}") = "Services", "Services", "{984BB9B3-3FA3-BE33-9484-CAC21695A33C}"
EndProject
Project("{2150E333-8FDC-42A3-9474-1A3956D46DE8}") = "Authoring", "Authoring", "{5042B16D-7056-DBBB-C35E-ACC19A4D83A0}"
EndProject
Project("{FAE04EC0-301F-11D3-BF4B-00C04F79EFBC}") = "GenEngine.Authoring.Domain", "src\Services\Authoring\GenEngine.Authoring.Domain\GenEngine.Authoring.Domain.csproj", "{B1E2ABF3-2F78-404E-8BFA-6306BBC0636C}"
EndProject
Project("{FAE04EC0-301F-11D3-BF4B-00C04F79EFBC}") = "GenEngine.Authoring.Application", "src\Services\Authoring\GenEngine.Authoring.Application\GenEngine.Authoring.Application.csproj", "{3E86A4FD-ADFC-4BD1-8814-E016A4259395}"
EndProject
Project("{FAE04EC0-301F-11D3-BF4B-00C04F79EFBC}") = "GenEngine.Authoring.Infrastructure", "src\Services\Authoring\GenEngine.Authoring.Infrastructure\GenEngine.Authoring.Infrastructure.csproj", "{09FEB913-DF76-4345-B04D-F2D49E271F13}"
EndProject
Project("{FAE04EC0-301F-11D3-BF4B-00C04F79EFBC}") = "GenEngine.Authoring.Api", "src\Services\Authoring\GenEngine.Authoring.Api\GenEngine.Authoring.Api.csproj", "{B8058F22-3AB4-4DAF-88D5-7D6CD32DD331}"
EndProject
Project("{2150E333-8FDC-42A3-9474-1A3956D46DE8}") = "Play", "Play", "{6A6032AD-9864-93B0-F39B-9CE98DFC14F4}"
EndProject
Project("{FAE04EC0-301F-11D3-BF4B-00C04F79EFBC}") = "GenEngine.Play.Domain", "src\Services\Play\GenEngine.Play.Domain\GenEngine.Play.Domain.csproj", "{67C34E2B-DA60-45DB-98FD-BF46EE34C5E3}"
EndProject
Project("{FAE04EC0-301F-11D3-BF4B-00C04F79EFBC}") = "GenEngine.Play.Application", "src\Services\Play\GenEngine.Play.Application\GenEngine.Play.Application.csproj", "{54FE013F-43CD-492F-870A-87FF64627209}"
EndProject
Project("{FAE04EC0-301F-11D3-BF4B-00C04F79EFBC}") = "GenEngine.Play.Infrastructure", "src\Services\Play\GenEngine.Play.Infrastructure\GenEngine.Play.Infrastructure.csproj", "{5AFF4B46-8F41-4425-B72C-93FDAEB87C70}"
EndProject
Project("{FAE04EC0-301F-11D3-BF4B-00C04F79EFBC}") = "GenEngine.Play.Api", "src\Services\Play\GenEngine.Play.Api\GenEngine.Play.Api.csproj", "{0440A5C1-A92D-4778-AB67-F81F5327E50F}"
EndProject
Project("{2150E333-8FDC-42A3-9474-1A3956D46DE8}") = "Identity", "Identity", "{1BFC9479-12BF-35C3-06B8-42D89D95092B}"
EndProject
Project("{FAE04EC0-301F-11D3-BF4B-00C04F79EFBC}") = "GenEngine.Identity.Domain", "src\Services\Identity\GenEngine.Identity.Domain\GenEngine.Identity.Domain.csproj", "{2BB21CA6-8056-47D4-8C82-3883F5B81E16}"
EndProject
Project("{FAE04EC0-301F-11D3-BF4B-00C04F79EFBC}") = "GenEngine.Identity.Application", "src\Services\Identity\GenEngine.Identity.Application\GenEngine.Identity.Application.csproj", "{88D8308E-F843-498E-91D5-EF9A58E1F332}"
EndProject
Project("{FAE04EC0-301F-11D3-BF4B-00C04F79EFBC}") = "GenEngine.Identity.Infrastructure", "src\Services\Identity\GenEngine.Identity.Infrastructure\GenEngine.Identity.Infrastructure.csproj", "{30F211BF-E63A-4ABC-B734-9BED76297F75}"
EndProject
Project("{FAE04EC0-301F-11D3-BF4B-00C04F79EFBC}") = "GenEngine.Identity.Api", "src\Services\Identity\GenEngine.Identity.Api\GenEngine.Identity.Api.csproj", "{4EAC7566-52DC-411D-A5E0-6B091D523EB7}"
EndProject
Project("{FAE04EC0-301F-11D3-BF4B-00C04F79EFBC}") = "GenEngine.Services.Tests", "tests\GenEngine.Services.Tests\GenEngine.Services.Tests.csproj", "{B5903753-3E0A-4030-ABE1-49616BA2BB94}"
EndProject
Project("{FAE04EC0-301F-11D3-BF4B-00C04F79EFBC}") = "GenEngine.Authoring.IntegrationTests", "tests\GenEngine.Authoring.IntegrationTests\GenEngine.Authoring.IntegrationTests.csproj", "{1787E25F-FB22-44D7-85E6-182D06DC868B}"
EndProject
Project("{FAE04EC0-301F-11D3-BF4B-00C04F79EFBC}") = "GenEngine.Play.IntegrationTests", "tests\GenEngine.Play.IntegrationTests\GenEngine.Play.IntegrationTests.csproj", "{35036C03-73EC-4308-ABAB-5FD21D8614DF}"
EndProject
Project("{FAE04EC0-301F-11D3-BF4B-00C04F79EFBC}") = "GenEngine.Identity.IntegrationTests", "tests\GenEngine.Identity.IntegrationTests\GenEngine.Identity.IntegrationTests.csproj", "{FCFF4B94-C68D-427F-B1C0-646EAE8987E5}"
EndProject
Global
	GlobalSection(SolutionConfigurationPlatforms) = preSolution
		Debug|Any CPU = Debug|Any CPU
		Debug|x64 = Debug|x64
		Debug|x86 = Debug|x86
		Release|Any CPU = Release|Any CPU
		Release|x64 = Release|x64
		Release|x86 = Release|x86
	EndGlobalSection
	GlobalSection(ProjectConfigurationPlatforms) = postSolution
		{0230E1C0-DF06-49CA-8434-0636DC66657D}.Debug|Any CPU.ActiveCfg = Debug|Any CPU
		{0230E1C0-DF06-49CA-8434-0636DC66657D}.Debug|Any CPU.Build.0 = Debug|Any CPU
		{0230E1C0-DF06-49CA-8434-0636DC66657D}.Debug|x64.ActiveCfg = Debug|Any CPU
		{0230E1C0-DF06-49CA-8434-0636DC66657D}.Debug|x64.Build.0 = Debug|Any CPU
		{0230E1C0-DF06-49CA-8434-0636DC66657D}.Debug|x86.ActiveCfg = Debug|Any CPU
		{0230E1C0-DF06-49CA-8434-0636DC66657D}.Debug|x86.Build.0 = Debug|Any CPU
		{0230E1C0-DF06-49CA-8434-0636DC66657D}.Release|Any CPU.ActiveCfg = Release|Any CPU
		{0230E1C0-DF06-49CA-8434-0636DC66657D}.Release|Any CPU.Build.0 = Release|Any CPU
		{0230E1C0-DF06-49CA-8434-0636DC66657D}.Release|x64.ActiveCfg = Release|Any CPU
		{0230E1C0-DF06-49CA-8434-0636DC66657D}.Release|x64.Build.0 = Release|Any CPU
		{0230E1C0-DF06-49CA-8434-0636DC66657D}.Release|x86.ActiveCfg = Release|Any CPU
		{0230E1C0-DF06-49CA-8434-0636DC66657D}.Release|x86.Build.0 = Release|Any CPU
		{F0EADAB6-9512-47F8-85DE-32FBFADBAEAD}.Debug|Any CPU.ActiveCfg = Debug|Any CPU
		{F0EADAB6-9512-47F8-85DE-32FBFADBAEAD}.Debug|Any CPU.Build.0 = Debug|Any CPU
		{F0EADAB6-9512-47F8-85DE-32FBFADBAEAD}.Debug|x64.ActiveCfg = Debug|Any CPU
		{F0EADAB6-9512-47F8-85DE-32FBFADBAEAD}.Debug|x64.Build.0 = Debug|Any CPU
		{F0EADAB6-9512-47F8-85DE-32FBFADBAEAD}.Debug|x86.ActiveCfg = Debug|Any CPU
		{F0EADAB6-9512-47F8-85DE-32FBFADBAEAD}.Debug|x86.Build.0 = Debug|Any CPU
		{F0EADAB6-9512-47F8-85DE-32FBFADBAEAD}.Release|Any CPU.ActiveCfg = Release|Any CPU
		{F0EADAB6-9512-47F8-85DE-32FBFADBAEAD}.Release|Any CPU.Build.0 = Release|Any CPU
		{F0EADAB6-9512-47F8-85DE-32FBFADBAEAD}.Release|x64.ActiveCfg = Release|Any CPU
		{F0EADAB6-9512-47F8-85DE-32FBFADBAEAD}.Release|x64.Build.0 = Release|Any CPU
		{F0EADAB6-9512-47F8-85DE-32FBFADBAEAD}.Release|x86.ActiveCfg = Release|Any CPU
		{F0EADAB6-9512-47F8-85DE-32FBFADBAEAD}.Release|x86.Build.0 = Release|Any CPU
		{CE0871A7-6A04-45CF-959A-D1594983C472}.Debug|Any CPU.ActiveCfg = Debug|Any CPU
		{CE0871A7-6A04-45CF-959A-D1594983C472}.Debug|Any CPU.Build.0 = Debug|Any CPU
		{CE0871A7-6A04-45CF-959A-D1594983C472}.Debug|x64.ActiveCfg = Debug|Any CPU
		{CE0871A7-6A04-45CF-959A-D1594983C472}.Debug|x64.Build.0 = Debug|Any CPU
		{CE0871A7-6A04-45CF-959A-D1594983C472}.Debug|x86.ActiveCfg = Debug|Any CPU
		{CE0871A7-6A04-45CF-959A-D1594983C472}.Debug|x86.Build.0 = Debug|Any CPU
		{CE0871A7-6A04-45CF-959A-D1594983C472}.Release|Any CPU.ActiveCfg = Release|Any CPU
		{CE0871A7-6A04-45CF-959A-D1594983C472}.Release|Any CPU.Build.0 = Release|Any CPU
		{CE0871A7-6A04-45CF-959A-D1594983C472}.Release|x64.ActiveCfg = Release|Any CPU
		{CE0871A7-6A04-45CF-959A-D1594983C472}.Release|x64.Build.0 = Release|Any CPU
		{CE0871A7-6A04-45CF-959A-D1594983C472}.Release|x86.ActiveCfg = Release|Any CPU
		{CE0871A7-6A04-45CF-959A-D1594983C472}.Release|x86.Build.0 = Release|Any CPU
		{B1E2ABF3-2F78-404E-8BFA-6306BBC0636C}.Debug|Any CPU.ActiveCfg = Debug|Any CPU
		{B1E2ABF3-2F78-404E-8BFA-6306BBC0636C}.Debug|Any CPU.Build.0 = Debug|Any CPU
		{B1E2ABF3-2F78-404E-8BFA-6306BBC0636C}.Debug|x64.ActiveCfg = Debug|Any CPU
		{B1E2ABF3-2F78-404E-8BFA-6306BBC0636C}.Debug|x64.Build.0 = Debug|Any CPU
		{B1E2ABF3-2F78-404E-8BFA-6306BBC0636C}.Debug|x86.ActiveCfg = Debug|Any CPU
		{B1E2ABF3-2F78-404E-8BFA-6306BBC0636C}.Debug|x86.Build.0 = Debug|Any CPU
		{B1E2ABF3-2F78-404E-8BFA-6306BBC0636C}.Release|Any CPU.ActiveCfg = Release|Any CPU
		{B1E2ABF3-2F78-404E-8BFA-6306BBC0636C}.Release|Any CPU.Build.0 = Release|Any CPU
		{B1E2ABF3-2F78-404E-8BFA-6306BBC0636C}.Release|x64.ActiveCfg = Release|Any CPU
		{B1E2ABF3-2F78-404E-8BFA-6306BBC0636C}.Release|x64.Build.0 = Release|Any CPU
		{B1E2ABF3-2F78-404E-8BFA-6306BBC0636C}.Release|x86.ActiveCfg = Release|Any CPU
		{B1E2ABF3-2F78-404E-8BFA-6306BBC0636C}.Release|x86.Build.0 = Release|Any CPU
		{3E86A4FD-ADFC-4BD1-8814-E016A4259395}.Debug|Any CPU.ActiveCfg = Debug|Any CPU
		{3E86A4FD-ADFC-4BD1-8814-E016A4259395}.Debug|Any CPU.Build.0 = Debug|Any CPU
		{3E86A4FD-ADFC-4BD1-8814-E016A4259395}.Debug|x64.ActiveCfg = Debug|Any CPU
		{3E86A4FD-ADFC-4BD1-8814-E016A4259395}.Debug|x64.Build.0 = Debug|Any CPU
		{3E86A4FD-ADFC-4BD1-8814-E016A4259395}.Debug|x86.ActiveCfg = Debug|Any CPU
		{3E86A4FD-ADFC-4BD1-8814-E016A4259395}.Debug|x86.Build.0 = Debug|Any CPU
		{3E86A4FD-ADFC-4BD1-8814-E016A4259395}.Release|Any CPU.ActiveCfg = Release|Any CPU
		{3E86A4FD-ADFC-4BD1-8814-E016A4259395}.Release|Any CPU.Build.0 = Release|Any CPU
		{3E86A4FD-ADFC-4BD1-8814-E016A4259395}.Release|x64.ActiveCfg = Release|Any CPU
		{3E86A4FD-ADFC-4BD1-8814-E016A4259395}.Release|x64.Build.0 = Release|Any CPU
		{3E86A4FD-ADFC-4BD1-8814-E016A4259395}.Release|x86.ActiveCfg = Release|Any CPU
		{3E86A4FD-ADFC-4BD1-8814-E016A4259395}.Release|x86.Build.0 = Release|Any CPU
		{09FEB913-DF76-4345-B04D-F2D49E271F13}.Debug|Any CPU.ActiveCfg = Debug|Any CPU
		{09FEB913-DF76-4345-B04D-F2D49E271F13}.Debug|Any CPU.Build.0 = Debug|Any CPU
		{09FEB913-DF76-4345-B04D-F2D49E271F13}.Debug|x64.ActiveCfg = Debug|Any CPU
		{09FEB913-DF76-4345-B04D-F2D49E271F13}.Debug|x64.Build.0 = Debug|Any CPU
		{09FEB913-DF76-4345-B04D-F2D49E271F13}.Debug|x86.ActiveCfg = Debug|Any CPU
		{09FEB913-DF76-4345-B04D-F2D49E271F13}.Debug|x86.Build.0 = Debug|Any CPU
		{09FEB913-DF76-4345-B04D-F2D49E271F13}.Release|Any CPU.ActiveCfg = Release|Any CPU
		{09FEB913-DF76-4345-B04D-F2D49E271F13}.Release|Any CPU.Build.0 = Release|Any CPU
		{09FEB913-DF76-4345-B04D-F2D49E271F13}.Release|x64.ActiveCfg = Release|Any CPU
		{09FEB913-DF76-4345-B04D-F2D49E271F13}.Release|x64.Build.0 = Release|Any CPU
		{09FEB913-DF76-4345-B04D-F2D49E271F13}.Release|x86.ActiveCfg = Release|Any CPU
		{09FEB913-DF76-4345-B04D-F2D49E271F13}.Release|x86.Build.0 = Release|Any CPU
		{B8058F22-3AB4-4DAF-88D5-7D6CD32DD331}.Debug|Any CPU.ActiveCfg = Debug|Any CPU
		{B8058F22-3AB4-4DAF-88D5-7D6CD32DD331}.Debug|Any CPU.Build.0 = Debug|Any CPU
		{B8058F22-3AB4-4DAF-88D5-7D6CD32DD331}.Debug|x64.ActiveCfg = Debug|Any CPU
		{B8058F22-3AB4-4DAF-88D5-7D6CD32DD331}.Debug|x64.Build.0 = Debug|Any CPU
		{B8058F22-3AB4-4DAF-88D5-7D6CD32DD331}.Debug|x86.ActiveCfg = Debug|Any CPU
		{B8058F22-3AB4-4DAF-88D5-7D6CD32DD331}.Debug|x86.Build.0 = Debug|Any CPU
		{B8058F22-3AB4-4DAF-88D5-7D6CD32DD331}.Release|Any CPU.ActiveCfg = Release|Any CPU
		{B8058F22-3AB4-4DAF-88D5-7D6CD32DD331}.Release|Any CPU.Build.0 = Release|Any CPU
		{B8058F22-3AB4-4DAF-88D5-7D6CD32DD331}.Release|x64.ActiveCfg = Release|Any CPU
		{B8058F22-3AB4-4DAF-88D5-7D6CD32DD331}.Release|x64.Build.0 = Release|Any CPU
		{B8058F22-3AB4-4DAF-88D5-7D6CD32DD331}.Release|x86.ActiveCfg = Release|Any CPU
		{B8058F22-3AB4-4DAF-88D5-7D6CD32DD331}.Release|x86.Build.0 = Release|Any CPU
		{67C34E2B-DA60-45DB-98FD-BF46EE34C5E3}.Debug|Any CPU.ActiveCfg = Debug|Any CPU
		{67C34E2B-DA60-45DB-98FD-BF46EE34C5E3}.Debug|Any CPU.Build.0 = Debug|Any CPU
		{67C34E2B-DA60-45DB-98FD-BF46EE34C5E3}.Debug|x64.ActiveCfg = Debug|Any CPU
		{67C34E2B-DA60-45DB-98FD-BF46EE34C5E3}.Debug|x64.Build.0 = Debug|Any CPU
		{67C34E2B-DA60-45DB-98FD-BF46EE34C5E3}.Debug|x86.ActiveCfg = Debug|Any CPU
		{67C34E2B-DA60-45DB-98FD-BF46EE34C5E3}.Debug|x86.Build.0 = Debug|Any CPU
		{67C34E2B-DA60-45DB-98FD-BF46EE34C5E3}.Release|Any CPU.ActiveCfg = Release|Any CPU
		{67C34E2B-DA60-45DB-98FD-BF46EE34C5E3}.Release|Any CPU.Build.0 = Release|Any CPU
		{67C34E2B-DA60-45DB-98FD-BF46EE34C5E3}.Release|x64.ActiveCfg = Release|Any CPU
		{67C34E2B-DA60-45DB-98FD-BF46EE34C5E3}.Release|x64.Build.0 = Release|Any CPU
		{67C34E2B-DA60-45DB-98FD-BF46EE34C5E3}.Release|x86.ActiveCfg = Release|Any CPU
		{67C34E2B-DA60-45DB-98FD-BF46EE34C5E3}.Release|x86.Build.0 = Release|Any CPU
		{54FE013F-43CD-492F-870A-87FF64627209}.Debug|Any CPU.ActiveCfg = Debug|Any CPU
		{54FE013F-43CD-492F-870A-87FF64627209}.Debug|Any CPU.Build.0 = Debug|Any CPU
		{54FE013F-43CD-492F-870A-87FF64627209}.Debug|x64.ActiveCfg = Debug|Any CPU
		{54FE013F-43CD-492F-870A-87FF64627209}.Debug|x64.Build.0 = Debug|Any CPU
		{54FE013F-43CD-492F-870A-87FF64627209}.Debug|x86.ActiveCfg = Debug|Any CPU
		{54FE013F-43CD-492F-870A-87FF64627209}.Debug|x86.Build.0 = Debug|Any CPU
		{54FE013F-43CD-492F-870A-87FF64627209}.Release|Any CPU.ActiveCfg = Release|Any CPU
		{54FE013F-43CD-492F-870A-87FF64627209}.Release|Any CPU.Build.0 = Release|Any CPU
		{54FE013F-43CD-492F-870A-87FF64627209}.Release|x64.ActiveCfg = Release|Any CPU
		{54FE013F-43CD-492F-870A-87FF64627209}.Release|x64.Build.0 = Release|Any CPU
		{54FE013F-43CD-492F-870A-87FF64627209}.Release|x86.ActiveCfg = Release|Any CPU
		{54FE013F-43CD-492F-870A-87FF64627209}.Release|x86.Build.0 = Release|Any CPU
		{5AFF4B46-8F41-4425-B72C-93FDAEB87C70}.Debug|Any CPU.ActiveCfg = Debug|Any CPU
		{5AFF4B46-8F41-4425-B72C-93FDAEB87C70}.Debug|Any CPU.Build.0 = Debug|Any CPU
		{5AFF4B46-8F41-4425-B72C-93FDAEB87C70}.Debug|x64.ActiveCfg = Debug|Any CPU
		{5AFF4B46-8F41-4425-B72C-93FDAEB87C70}.Debug|x64.Build.0 = Debug|Any CPU
		{5AFF4B46-8F41-4425-B72C-93FDAEB87C70}.Debug|x86.ActiveCfg = Debug|Any CPU
		{5AFF4B46-8F41-4425-B72C-93FDAEB87C70}.Debug|x86.Build.0 = Debug|Any CPU
		{5AFF4B46-8F41-4425-B72C-93FDAEB87C70}.Release|Any CPU.ActiveCfg = Release|Any CPU
		{5AFF4B46-8F41-4425-B72C-93FDAEB87C70}.Release|Any CPU.Build.0 = Release|Any CPU
		{5AFF4B46-8F41-4425-B72C-93FDAEB87C70}.Release|x64.ActiveCfg = Release|Any CPU
		{5AFF4B46-8F41-4425-B72C-93FDAEB87C70}.Release|x64.Build.0 = Release|Any CPU
		{5AFF4B46-8F41-4425-B72C-93FDAEB87C70}.Release|x86.ActiveCfg = Release|Any CPU
		{5AFF4B46-8F41-4425-B72C-93FDAEB87C70}.Release|x86.Build.0 = Release|Any CPU
		{0440A5C1-A92D-4778-AB67-F81F5327E50F}.Debug|Any CPU.ActiveCfg = Debug|Any CPU
		{0440A5C1-A92D-4778-AB67-F81F5327E50F}.Debug|Any CPU.Build.0 = Debug|Any CPU
		{0440A5C1-A92D-4778-AB67-F81F5327E50F}.Debug|x64.ActiveCfg = Debug|Any CPU
		{0440A5C1-A92D-4778-AB67-F81F5327E50F}.Debug|x64.Build.0 = Debug|Any CPU
		{0440A5C1-A92D-4778-AB67-F81F5327E50F}.Debug|x86.ActiveCfg = Debug|Any CPU
		{0440A5C1-A92D-4778-AB67-F81F5327E50F}.Debug|x86.Build.0 = Debug|Any CPU
		{0440A5C1-A92D-4778-AB67-F81F5327E50F}.Release|Any CPU.ActiveCfg = Release|Any CPU
		{0440A5C1-A92D-4778-AB67-F81F5327E50F}.Release|Any CPU.Build.0 = Release|Any CPU
		{0440A5C1-A92D-4778-AB67-F81F5327E50F}.Release|x64.ActiveCfg = Release|Any CPU
		{0440A5C1-A92D-4778-AB67-F81F5327E50F}.Release|x64.Build.0 = Release|Any CPU
		{0440A5C1-A92D-4778-AB67-F81F5327E50F}.Release|x86.ActiveCfg = Release|Any CPU
		{0440A5C1-A92D-4778-AB67-F81F5327E50F}.Release|x86.Build.0 = Release|Any CPU
		{2BB21CA6-8056-47D4-8C82-3883F5B81E16}.Debug|Any CPU.ActiveCfg = Debug|Any CPU
		{2BB21CA6-8056-47D4-8C82-3883F5B81E16}.Debug|Any CPU.Build.0 = Debug|Any CPU
		{2BB21CA6-8056-47D4-8C82-3883F5B81E16}.Debug|x64.ActiveCfg = Debug|Any CPU
		{2BB21CA6-8056-47D4-8C82-3883F5B81E16}.Debug|x64.Build.0 = Debug|Any CPU
		{2BB21CA6-8056-47D4-8C82-3883F5B81E16}.Debug|x86.ActiveCfg = Debug|Any CPU
		{2BB21CA6-8056-47D4-8C82-3883F5B81E16}.Debug|x86.Build.0 = Debug|Any CPU
		{2BB21CA6-8056-47D4-8C82-3883F5B81E16}.Release|Any CPU.ActiveCfg = Release|Any CPU
		{2BB21CA6-8056-47D4-8C82-3883F5B81E16}.Release|Any CPU.Build.0 = Release|Any CPU
		{2BB21CA6-8056-47D4-8C82-3883F5B81E16}.Release|x64.ActiveCfg = Release|Any CPU
		{2BB21CA6-8056-47D4-8C82-3883F5B81E16}.Release|x64.Build.0 = Release|Any CPU
		{2BB21CA6-8056-47D4-8C82-3883F5B81E16}.Release|x86.ActiveCfg = Release|Any CPU
		{2BB21CA6-8056-47D4-8C82-3883F5B81E16}.Release|x86.Build.0 = Release|Any CPU
		{88D8308E-F843-498E-91D5-EF9A58E1F332}.Debug|Any CPU.ActiveCfg = Debug|Any CPU
		{88D8308E-F843-498E-91D5-EF9A58E1F332}.Debug|Any CPU.Build.0 = Debug|Any CPU
		{88D8308E-F843-498E-91D5-EF9A58E1F332}.Debug|x64.ActiveCfg = Debug|Any CPU
		{88D8308E-F843-498E-91D5-EF9A58E1F332}.Debug|x64.Build.0 = Debug|Any CPU
		{88D8308E-F843-498E-91D5-EF9A58E1F332}.Debug|x86.ActiveCfg = Debug|Any CPU
		{88D8308E-F843-498E-91D5-EF9A58E1F332}.Debug|x86.Build.0 = Debug|Any CPU
		{88D8308E-F843-498E-91D5-EF9A58E1F332}.Release|Any CPU.ActiveCfg = Release|Any CPU
		{88D8308E-F843-498E-91D5-EF9A58E1F332}.Release|Any CPU.Build.0 = Release|Any CPU
		{88D8308E-F843-498E-91D5-EF9A58E1F332}.Release|x64.ActiveCfg = Release|Any CPU
		{88D8308E-F843-498E-91D5-EF9A58E1F332}.Release|x64.Build.0 = Release|Any CPU
		{88D8308E-F843-498E-91D5-EF9A58E1F332}.Release|x86.ActiveCfg = Release|Any CPU
		{88D8308E-F843-498E-91D5-EF9A58E1F332}.Release|x86.Build.0 = Release|Any CPU
		{30F211BF-E63A-4ABC-B734-9BED76297F75}.Debug|Any CPU.ActiveCfg = Debug|Any CPU
		{30F211BF-E63A-4ABC-B734-9BED76297F75}.Debug|Any CPU.Build.0 = Debug|Any CPU
		{30F211BF-E63A-4ABC-B734-9BED76297F75}.Debug|x64.ActiveCfg = Debug|Any CPU
		{30F211BF-E63A-4ABC-B734-9BED76297F75}.Debug|x64.Build.0 = Debug|Any CPU
		{30F211BF-E63A-4ABC-B734-9BED76297F75}.Debug|x86.ActiveCfg = Debug|Any CPU
		{30F211BF-E63A-4ABC-B734-9BED76297F75}.Debug|x86.Build.0 = Debug|Any CPU
		{30F211BF-E63A-4ABC-B734-9BED76297F75}.Release|Any CPU.ActiveCfg = Release|Any CPU
		{30F211BF-E63A-4ABC-B734-9BED76297F75}.Release|Any CPU.Build.0 = Release|Any CPU
		{30F211BF-E63A-4ABC-B734-9BED76297F75}.Release|x64.ActiveCfg = Release|Any CPU
		{30F211BF-E63A-4ABC-B734-9BED76297F75}.Release|x64.Build.0 = Release|Any CPU
		{30F211BF-E63A-4ABC-B734-9BED76297F75}.Release|x86.ActiveCfg = Release|Any CPU
		{30F211BF-E63A-4ABC-B734-9BED76297F75}.Release|x86.Build.0 = Release|Any CPU
		{4EAC7566-52DC-411D-A5E0-6B091D523EB7}.Debug|Any CPU.ActiveCfg = Debug|Any CPU
		{4EAC7566-52DC-411D-A5E0-6B091D523EB7}.Debug|Any CPU.Build.0 = Debug|Any CPU
		{4EAC7566-52DC-411D-A5E0-6B091D523EB7}.Debug|x64.ActiveCfg = Debug|Any CPU
		{4EAC7566-52DC-411D-A5E0-6B091D523EB7}.Debug|x64.Build.0 = Debug|Any CPU
		{4EAC7566-52DC-411D-A5E0-6B091D523EB7}.Debug|x86.ActiveCfg = Debug|Any CPU
		{4EAC7566-52DC-411D-A5E0-6B091D523EB7}.Debug|x86.Build.0 = Debug|Any CPU
		{4EAC7566-52DC-411D-A5E0-6B091D523EB7}.Release|Any CPU.ActiveCfg = Release|Any CPU
		{4EAC7566-52DC-411D-A5E0-6B091D523EB7}.Release|Any CPU.Build.0 = Release|Any CPU
		{4EAC7566-52DC-411D-A5E0-6B091D523EB7}.Release|x64.ActiveCfg = Release|Any CPU
		{4EAC7566-52DC-411D-A5E0-6B091D523EB7}.Release|x64.Build.0 = Release|Any CPU
		{4EAC7566-52DC-411D-A5E0-6B091D523EB7}.Release|x86.ActiveCfg = Release|Any CPU
		{4EAC7566-52DC-411D-A5E0-6B091D523EB7}.Release|x86.Build.0 = Release|Any CPU
		{B5903753-3E0A-4030-ABE1-49616BA2BB94}.Debug|Any CPU.ActiveCfg = Debug|Any CPU
		{B5903753-3E0A-4030-ABE1-49616BA2BB94}.Debug|Any CPU.Build.0 = Debug|Any CPU
		{B5903753-3E0A-4030-ABE1-49616BA2BB94}.Debug|x64.ActiveCfg = Debug|Any CPU
		{B5903753-3E0A-4030-ABE1-49616BA2BB94}.Debug|x64.Build.0 = Debug|Any CPU
		{B5903753-3E0A-4030-ABE1-49616BA2BB94}.Debug|x86.ActiveCfg = Debug|Any CPU
		{B5903753-3E0A-4030-ABE1-49616BA2BB94}.Debug|x86.Build.0 = Debug|Any CPU
		{B5903753-3E0A-4030-ABE1-49616BA2BB94}.Release|Any CPU.ActiveCfg = Release|Any CPU
		{B5903753-3E0A-4030-ABE1-49616BA2BB94}.Release|Any CPU.Build.0 = Release|Any CPU
		{B5903753-3E0A-4030-ABE1-49616BA2BB94}.Release|x64.ActiveCfg = Release|Any CPU
		{B5903753-3E0A-4030-ABE1-49616BA2BB94}.Release|x64.Build.0 = Release|Any CPU
		{B5903753-3E0A-4030-ABE1-49616BA2BB94}.Release|x86.ActiveCfg = Release|Any CPU
		{B5903753-3E0A-4030-ABE1-49616BA2BB94}.Release|x86.Build.0 = Release|Any CPU
		{1787E25F-FB22-44D7-85E6-182D06DC868B}.Debug|Any CPU.ActiveCfg = Debug|Any CPU
		{1787E25F-FB22-44D7-85E6-182D06DC868B}.Debug|Any CPU.Build.0 = Debug|Any CPU
		{1787E25F-FB22-44D7-85E6-182D06DC868B}.Debug|x64.ActiveCfg = Debug|Any CPU
		{1787E25F-FB22-44D7-85E6-182D06DC868B}.Debug|x64.Build.0 = Debug|Any CPU
		{1787E25F-FB22-44D7-85E6-182D06DC868B}.Debug|x86.ActiveCfg = Debug|Any CPU
		{1787E25F-FB22-44D7-85E6-182D06DC868B}.Debug|x86.Build.0 = Debug|Any CPU
		{1787E25F-FB22-44D7-85E6-182D06DC868B}.Release|Any CPU.ActiveCfg = Release|Any CPU
		{1787E25F-FB22-44D7-85E6-182D06DC868B}.Release|Any CPU.Build.0 = Release|Any CPU
		{1787E25F-FB22-44D7-85E6-182D06DC868B}.Release|x64.ActiveCfg = Release|Any CPU
		{1787E25F-FB22-44D7-85E6-182D06DC868B}.Release|x64.Build.0 = Release|Any CPU
		{1787E25F-FB22-44D7-85E6-182D06DC868B}.Release|x86.ActiveCfg = Release|Any CPU
		{1787E25F-FB22-44D7-85E6-182D06DC868B}.Release|x86.Build.0 = Release|Any CPU
		{35036C03-73EC-4308-ABAB-5FD21D8614DF}.Debug|Any CPU.ActiveCfg = Debug|Any CPU
		{35036C03-73EC-4308-ABAB-5FD21D8614DF}.Debug|Any CPU.Build.0 = Debug|Any CPU
		{35036C03-73EC-4308-ABAB-5FD21D8614DF}.Debug|x64.ActiveCfg = Debug|Any CPU
		{35036C03-73EC-4308-ABAB-5FD21D8614DF}.Debug|x64.Build.0 = Debug|Any CPU
		{35036C03-73EC-4308-ABAB-5FD21D8614DF}.Debug|x86.ActiveCfg = Debug|Any CPU
		{35036C03-73EC-4308-ABAB-5FD21D8614DF}.Debug|x86.Build.0 = Debug|Any CPU
		{35036C03-73EC-4308-ABAB-5FD21D8614DF}.Release|Any CPU.ActiveCfg = Release|Any CPU
		{35036C03-73EC-4308-ABAB-5FD21D8614DF}.Release|Any CPU.Build.0 = Release|Any CPU
		{35036C03-73EC-4308-ABAB-5FD21D8614DF}.Release|x64.ActiveCfg = Release|Any CPU
		{35036C03-73EC-4308-ABAB-5FD21D8614DF}.Release|x64.Build.0 = Release|Any CPU
		{35036C03-73EC-4308-ABAB-5FD21D8614DF}.Release|x86.ActiveCfg = Release|Any CPU
		{35036C03-73EC-4308-ABAB-5FD21D8614DF}.Release|x86.Build.0 = Release|Any CPU
		{FCFF4B94-C68D-427F-B1C0-646EAE8987E5}.Debug|Any CPU.ActiveCfg = Debug|Any CPU
		{FCFF4B94-C68D-427F-B1C0-646EAE8987E5}.Debug|Any CPU.Build.0 = Debug|Any CPU
		{FCFF4B94-C68D-427F-B1C0-646EAE8987E5}.Debug|x64.ActiveCfg = Debug|Any CPU
		{FCFF4B94-C68D-427F-B1C0-646EAE8987E5}.Debug|x64.Build.0 = Debug|Any CPU
		{FCFF4B94-C68D-427F-B1C0-646EAE8987E5}.Debug|x86.ActiveCfg = Debug|Any CPU
		{FCFF4B94-C68D-427F-B1C0-646EAE8987E5}.Debug|x86.Build.0 = Debug|Any CPU
		{FCFF4B94-C68D-427F-B1C0-646EAE8987E5}.Release|Any CPU.ActiveCfg = Release|Any CPU
		{FCFF4B94-C68D-427F-B1C0-646EAE8987E5}.Release|Any CPU.Build.0 = Release|Any CPU
		{FCFF4B94-C68D-427F-B1C0-646EAE8987E5}.Release|x64.ActiveCfg = Release|Any CPU
		{FCFF4B94-C68D-427F-B1C0-646EAE8987E5}.Release|x64.Build.0 = Release|Any CPU
		{FCFF4B94-C68D-427F-B1C0-646EAE8987E5}.Release|x86.ActiveCfg = Release|Any CPU
		{FCFF4B94-C68D-427F-B1C0-646EAE8987E5}.Release|x86.Build.0 = Release|Any CPU
	EndGlobalSection
	GlobalSection(SolutionProperties) = preSolution
		HideSolutionNode = FALSE
	EndGlobalSection
	GlobalSection(NestedProjects) = preSolution
		{0230E1C0-DF06-49CA-8434-0636DC66657D} = {0AB3BF05-4346-4AA6-1389-037BE0695223}
		{F0EADAB6-9512-47F8-85DE-32FBFADBAEAD} = {0AB3BF05-4346-4AA6-1389-037BE0695223}
		{581C1AFC-A79E-7578-3E64-521365DC72E1} = {827E0CD3-B72D-47B6-A68D-7590B98EB39B}
		{CE0871A7-6A04-45CF-959A-D1594983C472} = {581C1AFC-A79E-7578-3E64-521365DC72E1}
		{984BB9B3-3FA3-BE33-9484-CAC21695A33C} = {827E0CD3-B72D-47B6-A68D-7590B98EB39B}
		{5042B16D-7056-DBBB-C35E-ACC19A4D83A0} = {984BB9B3-3FA3-BE33-9484-CAC21695A33C}
		{B1E2ABF3-2F78-404E-8BFA-6306BBC0636C} = {5042B16D-7056-DBBB-C35E-ACC19A4D83A0}
		{3E86A4FD-ADFC-4BD1-8814-E016A4259395} = {5042B16D-7056-DBBB-C35E-ACC19A4D83A0}
		{09FEB913-DF76-4345-B04D-F2D49E271F13} = {5042B16D-7056-DBBB-C35E-ACC19A4D83A0}
		{B8058F22-3AB4-4DAF-88D5-7D6CD32DD331} = {5042B16D-7056-DBBB-C35E-ACC19A4D83A0}
		{6A6032AD-9864-93B0-F39B-9CE98DFC14F4} = {984BB9B3-3FA3-BE33-9484-CAC21695A33C}
		{67C34E2B-DA60-45DB-98FD-BF46EE34C5E3} = {6A6032AD-9864-93B0-F39B-9CE98DFC14F4}
		{54FE013F-43CD-492F-870A-87FF64627209} = {6A6032AD-9864-93B0-F39B-9CE98DFC14F4}
		{5AFF4B46-8F41-4425-B72C-93FDAEB87C70} = {6A6032AD-9864-93B0-F39B-9CE98DFC14F4}
		{0440A5C1-A92D-4778-AB67-F81F5327E50F} = {6A6032AD-9864-93B0-F39B-9CE98DFC14F4}
		{1BFC9479-12BF-35C3-06B8-42D89D95092B} = {984BB9B3-3FA3-BE33-9484-CAC21695A33C}
		{2BB21CA6-8056-47D4-8C82-3883F5B81E16} = {1BFC9479-12BF-35C3-06B8-42D89D95092B}
		{88D8308E-F843-498E-91D5-EF9A58E1F332} = {1BFC9479-12BF-35C3-06B8-42D89D95092B}
		{30F211BF-E63A-4ABC-B734-9BED76297F75} = {1BFC9479-12BF-35C3-06B8-42D89D95092B}
		{4EAC7566-52DC-411D-A5E0-6B091D523EB7} = {1BFC9479-12BF-35C3-06B8-42D89D95092B}
		{B5903753-3E0A-4030-ABE1-49616BA2BB94} = {0AB3BF05-4346-4AA6-1389-037BE0695223}
		{1787E25F-FB22-44D7-85E6-182D06DC868B} = {0AB3BF05-4346-4AA6-1389-037BE0695223}
		{35036C03-73EC-4308-ABAB-5FD21D8614DF} = {0AB3BF05-4346-4AA6-1389-037BE0695223}
		{FCFF4B94-C68D-427F-B1C0-646EAE8987E5} = {0AB3BF05-4346-4AA6-1389-037BE0695223}
	EndGlobalSection
EndGlobal
