{
  "version": 2,
  "dependencies": {
    "net10.0": {
      "genengine.identity.application": {
        "type": "Project",
        "dependencies": {
          "GenEngine.Identity.Domain": "[1.0.0, )"
        }
      },
      "genengine.identity.domain": {
        "type": "Project"
      }
    }
  }
}